{
    "_readme": [
        "This file locks the dependencies of your project to a known state",
        "Read more about it at https://getcomposer.org/doc/01-basic-usage.md#composer-lock-the-lock-file",
        "This file is @generated automatically"
    ],
    "hash": "d3ff29a072ed688ea75bfac1e1a53119",
    "content-hash": "1661905b536042444b4b0ae13a7a4d24",
    "packages": [],
    "packages-dev": [],
    "aliases": [],
    "minimum-stability": "stable",
    "stability-flags": [],
    "prefer-stable": false,
    "prefer-lowest": false,
    "platform": {
        "php": "*",
        "ext-gd": "*",
        "ext-mbstring": "*",
		"ext-memcached": "*",
		"ext-newrelic": "*"
    },
    "platform-dev": []
}
